
Microsoft Visual Studio Solution File, Format Version 12.00
# Visual Studio Version 17
VisualStudioVersion = 17.8.34525.116
MinimumVisualStudioVersion = 10.0.40219.1
Project("{FAE04EC0-301F-11D3-BF4B-00C04F79EFBC}") = "tiendita", "tiendita.csproj", "{36667C23-95E5-4A63-A4CE-7E0935DD638B}"
EndProject
Global
	GlobalSection(SolutionConfigurationPlatforms) = preSolution
		Debug|Any CPU = Debug|Any CPU
		Release|Any CPU = Release|Any CPU
	EndGlobalSection
	GlobalSection(ProjectConfigurationPlatforms) = postSolution
		{36667C23-95E5-4A63-A4CE-7E0935DD638B}.Debug|Any CPU.ActiveCfg = Debug|Any CPU
		{36667C23-95E5-4A63-A4CE-7E0935DD638B}.Debug|Any CPU.Build.0 = Debug|Any CPU
		{36667C23-95E5-4A63-A4CE-7E0935DD638B}.Release|Any CPU.ActiveCfg = Release|Any CPU
		{36667C23-95E5-4A63-A4CE-7E0935DD638B}.Release|Any CPU.Build.0 = Release|Any CPU
	EndGlobalSection
	GlobalSection(SolutionProperties) = preSolution
		HideSolutionNode = FALSE
	EndGlobalSection
	GlobalSection(ExtensibilityGlobals) = postSolution
		SolutionGuid = {AAF9AF9B-E6E5-4E97-9A6F-F2CF33E96CD9}
	EndGlobalSection
EndGlobal
